
Microsoft Visual Studio Solution File, Format Version 12.00
# Visual Studio Version 17
VisualStudioVersion = 17.0.31919.166
MinimumVisualStudioVersion = 10.0.40219.1
Project("{9A19103F-16F7-4668-BE54-9A1E7A4F7556}") = "Day1", "Day1\Day1.csproj", "{AE024649-28E2-418E-B791-D81A3E0158A6}"
EndProject
Project("{9A19103F-16F7-4668-BE54-9A1E7A4F7556}") = "Day2", "Day2\Day2.csproj", "{9EDD7F90-0579-4CAB-B655-37153342F3D0}"
EndProject
Project("{2150E333-8FDC-42A3-9474-1A3956D46DE8}") = "Solution Items", "Solution Items", "{EC391107-8665-43B3-90C5-E3801FE6F0E5}"
EndProject
Project("{9A19103F-16F7-4668-BE54-9A1E7A4F7556}") = "Day3", "Day3\Day3.csproj", "{AAF3E073-4726-4457-A067-124B57CF50EC}"
EndProject
Project("{9A19103F-16F7-4668-BE54-9A1E7A4F7556}") = "Day4", "Day4\Day4.csproj", "{28F8A7F3-D744-48B5-86CF-0F6C26A953CA}"
EndProject
Project("{9A19103F-16F7-4668-BE54-9A1E7A4F7556}") = "Day5", "Day5\Day5.csproj", "{E175621A-4AE3-452F-A9BE-E80B35EB3340}"
EndProject
Project("{9A19103F-16F7-4668-BE54-9A1E7A4F7556}") = "Day6", "Day6\Day6.csproj", "{E2089720-8F02-4241-954F-C33BB5EAA435}"
EndProject
Project("{9A19103F-16F7-4668-BE54-9A1E7A4F7556}") = "Day7", "Day7\Day7.csproj", "{20C330A3-0D74-4B30-A994-8864BF6E7826}"
EndProject
Project("{9A19103F-16F7-4668-BE54-9A1E7A4F7556}") = "Day8", "Day8\Day8.csproj", "{D3496295-B94D-4977-8ED5-46B95FDAB3C3}"
EndProject
Project("{9A19103F-16F7-4668-BE54-9A1E7A4F7556}") = "Day9", "Day9\Day9.csproj", "{93E44592-77D8-4501-9385-437AB8455E5D}"
EndProject
Project("{9A19103F-16F7-4668-BE54-9A1E7A4F7556}") = "Day10", "Day10\Day10.csproj", "{F19B2DE6-4562-4B9C-A2D8-27DDDF33390F}"
EndProject
Project("{9A19103F-16F7-4668-BE54-9A1E7A4F7556}") = "Day11", "Day11\Day11.csproj", "{CD671431-0D20-4DF9-A8A1-FA8889BD24C2}"
EndProject
Project("{9A19103F-16F7-4668-BE54-9A1E7A4F7556}") = "Day12", "Day12\Day12.csproj", "{57EBDCD3-561C-4CF2-9AD4-93363F1FB14C}"
EndProject
Project("{9A19103F-16F7-4668-BE54-9A1E7A4F7556}") = "Day13", "Day13\Day13.csproj", "{2DCE97AE-46A6-447A-8264-DEACB88CECE5}"
EndProject
Project("{9A19103F-16F7-4668-BE54-9A1E7A4F7556}") = "Day14", "Day14\Day14.csproj", "{37D9EEFA-2DDD-46A1-B306-921FC11758B8}"
EndProject
Project("{9A19103F-16F7-4668-BE54-9A1E7A4F7556}") = "Day15", "Day15\Day15.csproj", "{49D18F75-7861-427B-B31D-27818E4003DC}"
EndProject
Project("{9A19103F-16F7-4668-BE54-9A1E7A4F7556}") = "Day16", "Day16\Day16.csproj", "{E68799EA-8C6A-4900-9CA4-E628A93B2636}"
EndProject
Project("{9A19103F-16F7-4668-BE54-9A1E7A4F7556}") = "Day17", "Day17\Day17.csproj", "{5C515E1A-4ED1-4550-8D14-8D546AEF120C}"
EndProject
Project("{9A19103F-16F7-4668-BE54-9A1E7A4F7556}") = "Day18", "Day18\Day18.csproj", "{E649F48D-7673-418A-8F06-2135EB27E7CA}"
EndProject
Project("{9A19103F-16F7-4668-BE54-9A1E7A4F7556}") = "Day19", "Day19\Day19.csproj", "{9A6AD34A-C3E6-495C-BC1C-955A51533A58}"
EndProject
Global
	GlobalSection(SolutionConfigurationPlatforms) = preSolution
		Debug|Any CPU = Debug|Any CPU
		Release|Any CPU = Release|Any CPU
	EndGlobalSection
	GlobalSection(ProjectConfigurationPlatforms) = postSolution
		{AE024649-28E2-418E-B791-D81A3E0158A6}.Debug|Any CPU.ActiveCfg = Debug|Any CPU
		{AE024649-28E2-418E-B791-D81A3E0158A6}.Debug|Any CPU.Build.0 = Debug|Any CPU
		{AE024649-28E2-418E-B791-D81A3E0158A6}.Release|Any CPU.ActiveCfg = Release|Any CPU
		{AE024649-28E2-418E-B791-D81A3E0158A6}.Release|Any CPU.Build.0 = Release|Any CPU
		{9EDD7F90-0579-4CAB-B655-37153342F3D0}.Debug|Any CPU.ActiveCfg = Debug|Any CPU
		{9EDD7F90-0579-4CAB-B655-37153342F3D0}.Debug|Any CPU.Build.0 = Debug|Any CPU
		{9EDD7F90-0579-4CAB-B655-37153342F3D0}.Release|Any CPU.ActiveCfg = Release|Any CPU
		{9EDD7F90-0579-4CAB-B655-37153342F3D0}.Release|Any CPU.Build.0 = Release|Any CPU
		{AAF3E073-4726-4457-A067-124B57CF50EC}.Debug|Any CPU.ActiveCfg = Debug|Any CPU
		{AAF3E073-4726-4457-A067-124B57CF50EC}.Debug|Any CPU.Build.0 = Debug|Any CPU
		{AAF3E073-4726-4457-A067-124B57CF50EC}.Release|Any CPU.ActiveCfg = Release|Any CPU
		{AAF3E073-4726-4457-A067-124B57CF50EC}.Release|Any CPU.Build.0 = Release|Any CPU
		{28F8A7F3-D744-48B5-86CF-0F6C26A953CA}.Debug|Any CPU.ActiveCfg = Debug|Any CPU
		{28F8A7F3-D744-48B5-86CF-0F6C26A953CA}.Debug|Any CPU.Build.0 = Debug|Any CPU
		{28F8A7F3-D744-48B5-86CF-0F6C26A953CA}.Release|Any CPU.ActiveCfg = Release|Any CPU
		{28F8A7F3-D744-48B5-86CF-0F6C26A953CA}.Release|Any CPU.Build.0 = Release|Any CPU
		{E175621A-4AE3-452F-A9BE-E80B35EB3340}.Debug|Any CPU.ActiveCfg = Debug|Any CPU
		{E175621A-4AE3-452F-A9BE-E80B35EB3340}.Debug|Any CPU.Build.0 = Debug|Any CPU
		{E175621A-4AE3-452F-A9BE-E80B35EB3340}.Release|Any CPU.ActiveCfg = Release|Any CPU
		{E175621A-4AE3-452F-A9BE-E80B35EB3340}.Release|Any CPU.Build.0 = Release|Any CPU
		{E2089720-8F02-4241-954F-C33BB5EAA435}.Debug|Any CPU.ActiveCfg = Debug|Any CPU
		{E2089720-8F02-4241-954F-C33BB5EAA435}.Debug|Any CPU.Build.0 = Debug|Any CPU
		{E2089720-8F02-4241-954F-C33BB5EAA435}.Release|Any CPU.ActiveCfg = Release|Any CPU
		{E2089720-8F02-4241-954F-C33BB5EAA435}.Release|Any CPU.Build.0 = Release|Any CPU
		{20C330A3-0D74-4B30-A994-8864BF6E7826}.Debug|Any CPU.ActiveCfg = Debug|Any CPU
		{20C330A3-0D74-4B30-A994-8864BF6E7826}.Debug|Any CPU.Build.0 = Debug|Any CPU
		{20C330A3-0D74-4B30-A994-8864BF6E7826}.Release|Any CPU.ActiveCfg = Release|Any CPU
		{20C330A3-0D74-4B30-A994-8864BF6E7826}.Release|Any CPU.Build.0 = Release|Any CPU
		{D3496295-B94D-4977-8ED5-46B95FDAB3C3}.Debug|Any CPU.ActiveCfg = Debug|Any CPU
		{D3496295-B94D-4977-8ED5-46B95FDAB3C3}.Debug|Any CPU.Build.0 = Debug|Any CPU
		{D3496295-B94D-4977-8ED5-46B95FDAB3C3}.Release|Any CPU.ActiveCfg = Release|Any CPU
		{D3496295-B94D-4977-8ED5-46B95FDAB3C3}.Release|Any CPU.Build.0 = Release|Any CPU
		{93E44592-77D8-4501-9385-437AB8455E5D}.Debug|Any CPU.ActiveCfg = Debug|Any CPU
		{93E44592-77D8-4501-9385-437AB8455E5D}.Debug|Any CPU.Build.0 = Debug|Any CPU
		{93E44592-77D8-4501-9385-437AB8455E5D}.Release|Any CPU.ActiveCfg = Release|Any CPU
		{93E44592-77D8-4501-9385-437AB8455E5D}.Release|Any CPU.Build.0 = Release|Any CPU
		{F19B2DE6-4562-4B9C-A2D8-27DDDF33390F}.Debug|Any CPU.ActiveCfg = Debug|Any CPU
		{F19B2DE6-4562-4B9C-A2D8-27DDDF33390F}.Debug|Any CPU.Build.0 = Debug|Any CPU
		{F19B2DE6-4562-4B9C-A2D8-27DDDF33390F}.Release|Any CPU.ActiveCfg = Release|Any CPU
		{F19B2DE6-4562-4B9C-A2D8-27DDDF33390F}.Release|Any CPU.Build.0 = Release|Any CPU
		{CD671431-0D20-4DF9-A8A1-FA8889BD24C2}.Debug|Any CPU.ActiveCfg = Debug|Any CPU
		{CD671431-0D20-4DF9-A8A1-FA8889BD24C2}.Debug|Any CPU.Build.0 = Debug|Any CPU
		{CD671431-0D20-4DF9-A8A1-FA8889BD24C2}.Release|Any CPU.ActiveCfg = Release|Any CPU
		{CD671431-0D20-4DF9-A8A1-FA8889BD24C2}.Release|Any CPU.Build.0 = Release|Any CPU
		{57EBDCD3-561C-4CF2-9AD4-93363F1FB14C}.Debug|Any CPU.ActiveCfg = Debug|Any CPU
		{57EBDCD3-561C-4CF2-9AD4-93363F1FB14C}.Debug|Any CPU.Build.0 = Debug|Any CPU
		{57EBDCD3-561C-4CF2-9AD4-93363F1FB14C}.Release|Any CPU.ActiveCfg = Release|Any CPU
		{57EBDCD3-561C-4CF2-9AD4-93363F1FB14C}.Release|Any CPU.Build.0 = Release|Any CPU
		{2DCE97AE-46A6-447A-8264-DEACB88CECE5}.Debug|Any CPU.ActiveCfg = Debug|Any CPU
		{2DCE97AE-46A6-447A-8264-DEACB88CECE5}.Debug|Any CPU.Build.0 = Debug|Any CPU
		{2DCE97AE-46A6-447A-8264-DEACB88CECE5}.Release|Any CPU.ActiveCfg = Release|Any CPU
		{2DCE97AE-46A6-447A-8264-DEACB88CECE5}.Release|Any CPU.Build.0 = Release|Any CPU
		{37D9EEFA-2DDD-46A1-B306-921FC11758B8}.Debug|Any CPU.ActiveCfg = Debug|Any CPU
		{37D9EEFA-2DDD-46A1-B306-921FC11758B8}.Debug|Any CPU.Build.0 = Debug|Any CPU
		{37D9EEFA-2DDD-46A1-B306-921FC11758B8}.Release|Any CPU.ActiveCfg = Release|Any CPU
		{37D9EEFA-2DDD-46A1-B306-921FC11758B8}.Release|Any CPU.Build.0 = Release|Any CPU
		{49D18F75-7861-427B-B31D-27818E4003DC}.Debug|Any CPU.ActiveCfg = Debug|Any CPU
		{49D18F75-7861-427B-B31D-27818E4003DC}.Debug|Any CPU.Build.0 = Debug|Any CPU
		{49D18F75-7861-427B-B31D-27818E4003DC}.Release|Any CPU.ActiveCfg = Release|Any CPU
		{49D18F75-7861-427B-B31D-27818E4003DC}.Release|Any CPU.Build.0 = Release|Any CPU
		{E68799EA-8C6A-4900-9CA4-E628A93B2636}.Debug|Any CPU.ActiveCfg = Debug|Any CPU
		{E68799EA-8C6A-4900-9CA4-E628A93B2636}.Debug|Any CPU.Build.0 = Debug|Any CPU
		{E68799EA-8C6A-4900-9CA4-E628A93B2636}.Release|Any CPU.ActiveCfg = Release|Any CPU
		{E68799EA-8C6A-4900-9CA4-E628A93B2636}.Release|Any CPU.Build.0 = Release|Any CPU
		{5C515E1A-4ED1-4550-8D14-8D546AEF120C}.Debug|Any CPU.ActiveCfg = Debug|Any CPU
		{5C515E1A-4ED1-4550-8D14-8D546AEF120C}.Debug|Any CPU.Build.0 = Debug|Any CPU
		{5C515E1A-4ED1-4550-8D14-8D546AEF120C}.Release|Any CPU.ActiveCfg = Release|Any CPU
		{5C515E1A-4ED1-4550-8D14-8D546AEF120C}.Release|Any CPU.Build.0 = Release|Any CPU
		{E649F48D-7673-418A-8F06-2135EB27E7CA}.Debug|Any CPU.ActiveCfg = Debug|Any CPU
		{E649F48D-7673-418A-8F06-2135EB27E7CA}.Debug|Any CPU.Build.0 = Debug|Any CPU
		{E649F48D-7673-418A-8F06-2135EB27E7CA}.Release|Any CPU.ActiveCfg = Release|Any CPU
		{E649F48D-7673-418A-8F06-2135EB27E7CA}.Release|Any CPU.Build.0 = Release|Any CPU
		{9A6AD34A-C3E6-495C-BC1C-955A51533A58}.Debug|Any CPU.ActiveCfg = Debug|Any CPU
		{9A6AD34A-C3E6-495C-BC1C-955A51533A58}.Debug|Any CPU.Build.0 = Debug|Any CPU
		{9A6AD34A-C3E6-495C-BC1C-955A51533A58}.Release|Any CPU.ActiveCfg = Release|Any CPU
		{9A6AD34A-C3E6-495C-BC1C-955A51533A58}.Release|Any CPU.Build.0 = Release|Any CPU
	EndGlobalSection
	GlobalSection(SolutionProperties) = preSolution
		HideSolutionNode = FALSE
	EndGlobalSection
	GlobalSection(NestedProjects) = preSolution
		{E649F48D-7673-418A-8F06-2135EB27E7CA} = {EC391107-8665-43B3-90C5-E3801FE6F0E5}
	EndGlobalSection
	GlobalSection(ExtensibilityGlobals) = postSolution
		SolutionGuid = {A5E51A21-DFA1-415C-9303-D9FAAC6B4AE4}
	EndGlobalSection
EndGlobal
